// !$*UTF8*$!
{
	archiveVersion = 1;
	classes = {
	};
	objectVersion = 50;
	objects = {

/* Begin PBXBuildFile section */
		95409CBE21CC84F200B6E79D /* AppDelegate.swift in Sources */ = {isa = PBXBuildFile; fileRef = 95409CBD21CC84F200B6E79D /* AppDelegate.swift */; };
		95409CC021CC84F200B6E79D /* ViewController.swift in Sources */ = {isa = PBXBuildFile; fileRef = 95409CBF21CC84F200B6E79D /* ViewController.swift */; };
		95409CC321CC84F200B6E79D /* Main.storyboard in Resources */ = {isa = PBXBuildFile; fileRef = 95409CC121CC84F200B6E79D /* Main.storyboard */; };
		95409CC521CC84F400B6E79D /* Assets.xcassets in Resources */ = {isa = PBXBuildFile; fileRef = 95409CC421CC84F400B6E79D /* Assets.xcassets */; };
		95409CC821CC84F400B6E79D /* LaunchScreen.storyboard in Resources */ = {isa = PBXBuildFile; fileRef = 95409CC621CC84F400B6E79D /* LaunchScreen.storyboard */; };
		95409CD321CC84F400B6E79D /* DYZBTests.swift in Sources */ = {isa = PBXBuildFile; fileRef = 95409CD221CC84F400B6E79D /* DYZBTests.swift */; };
		95409CDE21CC84F400B6E79D /* DYZBUITests.swift in Sources */ = {isa = PBXBuildFile; fileRef = 95409CDD21CC84F400B6E79D /* DYZBUITests.swift */; };
/* End PBXBuildFile section */

/* Begin PBXContainerItemProxy section */
		95409CCF21CC84F400B6E79D /* PBXContainerItemProxy */ = {
			isa = PBXContainerItemProxy;
			containerPortal = 95409CB221CC84F200B6E79D /* Project object */;
			proxyType = 1;
			remoteGlobalIDString = 95409CB921CC84F200B6E79D;
			remoteInfo = DYZB;
		};
		95409CDA21CC84F400B6E79D /* PBXContainerItemProxy */ = {
			isa = PBXContainerItemProxy;
			containerPortal = 95409CB221CC84F200B6E79D /* Project object */;
			proxyType = 1;
			remoteGlobalIDString = 95409CB921CC84F200B6E79D;
			remoteInfo = DYZB;
		};
/* End PBXContainerItemProxy section */

/* Begin PBXFileReference section */
		95409CBA21CC84F200B6E79D /* DYZB.app */ = {isa = PBXFileReference; explicitFileType = wrapper.application; includeInIndex = 0; path = DYZB.app; sourceTree = BUILT_PRODUCTS_DIR; };
		95409CBD21CC84F200B6E79D /* AppDelegate.swift */ = {isa = PBXFileReference; lastKnownFileType = sourcecode.swift; path = AppDelegate.swift; sourceTree = "<group>"; };
		95409CBF21CC84F200B6E79D /* ViewController.swift */ = {isa = PBXFileReference; lastKnownFileType = sourcecode.swift; path = ViewController.swift; sourceTree = "<group>"; };
		95409CC221CC84F200B6E79D /* Base */ = {isa = PBXFileReference; lastKnownFileType = file.storyboard; name = Base; path = Base.lproj/Main.storyboard; sourceTree = "<group>"; };
		95409CC421CC84F400B6E79D /* Assets.xcassets */ = {isa = PBXFileReference; lastKnownFileType = folder.assetcatalog; path = Assets.xcassets; sourceTree = "<group>"; };
		95409CC721CC84F400B6E79D /* Base */ = {isa = PBXFileReference; lastKnownFileType = file.storyboard; name = Base; path = Base.lproj/LaunchScreen.storyboard; sourceTree = "<group>"; };
		95409CC921CC84F400B6E79D /* Info.plist */ = {isa = PBXFileReference; lastKnownFileType = text.plist.xml; path = Info.plist; sourceTree = "<group>"; };
		95409CCE21CC84F400B6E79D /* DYZBTests.xctest */ = {isa = PBXFileReference; explicitFileType = wrapper.cfbundle; includeInIndex = 0; path = DYZBTests.xctest; sourceTree = BUILT_PRODUCTS_DIR; };
		95409CD221CC84F400B6E79D /* DYZBTests.swift */ = {isa = PBXFileReference; lastKnownFileType = sourcecode.swift; path = DYZBTests.swift; sourceTree = "<group>"; };
		95409CD421CC84F400B6E79D /* Info.plist */ = {isa = PBXFileReference; lastKnownFileType = text.plist.xml; path = Info.plist; sourceTree = "<group>"; };
		95409CD921CC84F400B6E79D /* DYZBUITests.xctest */ = {isa = PBXFileReference; explicitFileType = wrapper.cfbundle; includeInIndex = 0; path = DYZBUITests.xctest; sourceTree = BUILT_PRODUCTS_DIR; };
		95409CDD21CC84F400B6E79D /* DYZBUITests.swift */ = {isa = PBXFileReference; lastKnownFileType = sourcecode.swift; path = DYZBUITests.swift; sourceTree = "<group>"; };
		95409CDF21CC84F400B6E79D /* Info.plist */ = {isa = PBXFileReference; lastKnownFileType = text.plist.xml; path = Info.plist; sourceTree = "<group>"; };
/* End PBXFileReference section */

/* Begin PBXFrameworksBuildPhase section */
		95409CB721CC84F200B6E79D /* Frameworks */ = {
			isa = PBXFrameworksBuildPhase;
			buildActionMask = 2147483647;
			files = (
			);
			runOnlyForDeploymentPostprocessing = 0;
		};
		95409CCB21CC84F400B6E79D /* Frameworks */ = {
			isa = PBXFrameworksBuildPhase;
			buildActionMask = 2147483647;
			files = (
			);
			runOnlyForDeploymentPostprocessing = 0;
		};
		95409CD621CC84F400B6E79D /* Frameworks */ = {
			isa = PBXFrameworksBuildPhase;
			buildActionMask = 2147483647;
			files = (
			);
			runOnlyForDeploymentPostprocessing = 0;
		};
/* End PBXFrameworksBuildPhase section */

/* Begin PBXGroup section */
		95409CB121CC84F200B6E79D = {
			isa = PBXGroup;
			children = (
				95409CBC21CC84F200B6E79D /* DYZB */,
				95409CD121CC84F400B6E79D /* DYZBTests */,
				95409CDC21CC84F400B6E79D /* DYZBUITests */,
				95409CBB21CC84F200B6E79D /* Products */,
			);
			sourceTree = "<group>";
		};
		95409CBB21CC84F200B6E79D /* Products */ = {
			isa = PBXGroup;
			children = (
				95409CBA21CC84F200B6E79D /* DYZB.app */,
				95409CCE21CC84F400B6E79D /* DYZBTests.xctest */,
				95409CD921CC84F400B6E79D /* DYZBUITests.xctest */,
			);
			name = Products;
			sourceTree = "<group>";
		};
		95409CBC21CC84F200B6E79D /* DYZB */ = {
			isa = PBXGroup;
			children = (
				95409CBD21CC84F200B6E79D /* AppDelegate.swift */,
				95409CBF21CC84F200B6E79D /* ViewController.swift */,
				95409CC121CC84F200B6E79D /* Main.storyboard */,
				95409CC421CC84F400B6E79D /* Assets.xcassets */,
				95409CC621CC84F400B6E79D /* LaunchScreen.storyboard */,
				95409CC921CC84F400B6E79D /* Info.plist */,
			);
			path = DYZB;
			sourceTree = "<group>";
		};
		95409CD121CC84F400B6E79D /* DYZBTests */ = {
			isa = PBXGroup;
			children = (
				95409CD221CC84F400B6E79D /* DYZBTests.swift */,
				95409CD421CC84F400B6E79D /* Info.plist */,
			);
			path = DYZBTests;
			sourceTree = "<group>";
		};
		95409CDC21CC84F400B6E79D /* DYZBUITests */ = {
			isa = PBXGroup;
			children = (
				95409CDD21CC84F400B6E79D /* DYZBUITests.swift */,
				95409CDF21CC84F400B6E79D /* Info.plist */,
			);
			path = DYZBUITests;
			sourceTree = "<group>";
		};
/* End PBXGroup section */

/* Begin PBXNativeTarget section */
		95409CB921CC84F200B6E79D /* DYZB */ = {
			isa = PBXNativeTarget;
			buildConfigurationList = 95409CE221CC84F400B6E79D /* Build configuration list for PBXNativeTarget "DYZB" */;
			buildPhases = (
				95409CB621CC84F200B6E79D /* Sources */,
				95409CB721CC84F200B6E79D /* Frameworks */,
				95409CB821CC84F200B6E79D /* Resources */,
			);
			buildRules = (
			);
			dependencies = (
			);
			name = DYZB;
			productName = DYZB;
			productReference = 95409CBA21CC84F200B6E79D /* DYZB.app */;
			productType = "com.apple.product-type.application";
		};
		95409CCD21CC84F400B6E79D /* DYZBTests */ = {
			isa = PBXNativeTarget;
			buildConfigurationList = 95409CE521CC84F400B6E79D /* Build configuration list for PBXNativeTarget "DYZBTests" */;
			buildPhases = (
				95409CCA21CC84F400B6E79D /* Sources */,
				95409CCB21CC84F400B6E79D /* Frameworks */,
				95409CCC21CC84F400B6E79D /* Resources */,
			);
			buildRules = (
			);
			dependencies = (
				95409CD021CC84F400B6E79D /* PBXTargetDependency */,
			);
			name = DYZBTests;
			productName = DYZBTests;
			productReference = 95409CCE21CC84F400B6E79D /* DYZBTests.xctest */;
			productType = "com.apple.product-type.bundle.unit-test";
		};
		95409CD821CC84F400B6E79D /* DYZBUITests */ = {
			isa = PBXNativeTarget;
			buildConfigurationList = 95409CE821CC84F400B6E79D /* Build configuration list for PBXNativeTarget "DYZBUITests" */;
			buildPhases = (
				95409CD521CC84F400B6E79D /* Sources */,
				95409CD621CC84F400B6E79D /* Frameworks */,
				95409CD721CC84F400B6E79D /* Resources */,
			);
			buildRules = (
			);
			dependencies = (
				95409CDB21CC84F400B6E79D /* PBXTargetDependency */,
			);
			name = DYZBUITests;
			productName = DYZBUITests;
			productReference = 95409CD921CC84F400B6E79D /* DYZBUITests.xctest */;
			productType = "com.apple.product-type.bundle.ui-testing";
		};
/* End PBXNativeTarget section */

/* Begin PBXProject section */
		95409CB221CC84F200B6E79D /* Project object */ = {
			isa = PBXProject;
			attributes = {
				LastSwiftUpdateCheck = 1010;
				LastUpgradeCheck = 1010;
				ORGANIZATIONNAME = student.cce;
				TargetAttributes = {
					95409CB921CC84F200B6E79D = {
						CreatedOnToolsVersion = 10.1;
					};
					95409CCD21CC84F400B6E79D = {
						CreatedOnToolsVersion = 10.1;
						TestTargetID = 95409CB921CC84F200B6E79D;
					};
					95409CD821CC84F400B6E79D = {
						CreatedOnToolsVersion = 10.1;
						TestTargetID = 95409CB921CC84F200B6E79D;
					};
				};
			};
			buildConfigurationList = 95409CB521CC84F200B6E79D /* Build configuration list for PBXProject "DYZB" */;
			compatibilityVersion = "Xcode 9.3";
			developmentRegion = en;
			hasScannedForEncodings = 0;
			knownRegions = (
				en,
				Base,
			);
			mainGroup = 95409CB121CC84F200B6E79D;
			productRefGroup = 95409CBB21CC84F200B6E79D /* Products */;
			projectDirPath = "";
			projectRoot = "";
			targets = (
				95409CB921CC84F200B6E79D /* DYZB */,
				95409CCD21CC84F400B6E79D /* DYZBTests */,
				95409CD821CC84F400B6E79D /* DYZBUITests */,
			);
		};
/* End PBXProject section */

/* Begin PBXResourcesBuildPhase section */
		95409CB821CC84F200B6E79D /* Resources */ = {
			isa = PBXResourcesBuildPhase;
			buildActionMask = 2147483647;
			files = (
				95409CC821CC84F400B6E79D /* LaunchScreen.storyboard in Resources */,
				95409CC521CC84F400B6E79D /* Assets.xcassets in Resources */,
				95409CC321CC84F200B6E79D /* Main.storyboard in Resources */,
			);
			runOnlyForDeploymentPostprocessing = 0;
		};
		95409CCC21CC84F400B6E79D /* Resources */ = {
			isa = PBXResourcesBuildPhase;
			buildActionMask = 2147483647;
			files = (
			);
			runOnlyForDeploymentPostprocessing = 0;
		};
		95409CD721CC84F400B6E79D /* Resources */ = {
			isa = PBXResourcesBuildPhase;
			buildActionMask = 2147483647;
			files = (
			);
			runOnlyForDeploymentPostprocessing = 0;
		};
/* End PBXResourcesBuildPhase section */

/* Begin PBXSourcesBuildPhase section */
		95409CB621CC84F200B6E79D /* Sources */ = {
			isa = PBXSourcesBuildPhase;
			buildActionMask = 2147483647;
			files = (
				95409CC021CC84F200B6E79D /* ViewController.swift in Sources */,
				95409CBE21CC84F200B6E79D /* AppDelegate.swift in Sources */,
			);
			runOnlyForDeploymentPostprocessing = 0;
		};
		95409CCA21CC84F400B6E79D /* Sources */ = {
			isa = PBXSourcesBuildPhase;
			buildActionMask = 2147483647;
			files = (
				95409CD321CC84F400B6E79D /* DYZBTests.swift in Sources */,
			);
			runOnlyForDeploymentPostprocessing = 0;
		};
		95409CD521CC84F400B6E79D /* Sources */ = {
			isa = PBXSourcesBuildPhase;
			buildActionMask = 2147483647;
			files = (
				95409CDE21CC84F400B6E79D /* DYZBUITests.swift in Sources */,
			);
			runOnlyForDeploymentPostprocessing = 0;
		};
/* End PBXSourcesBuildPhase section */

/* Begin PBXTargetDependency section */
		95409CD021CC84F400B6E79D /* PBXTargetDependency */ = {
			isa = PBXTargetDependency;
			target = 95409CB921CC84F200B6E79D /* DYZB */;
			targetProxy = 95409CCF21CC84F400B6E79D /* PBXContainerItemProxy */;
		};
		95409CDB21CC84F400B6E79D /* PBXTargetDependency */ = {
			isa = PBXTargetDependency;
			target = 95409CB921CC84F200B6E79D /* DYZB */;
			targetProxy = 95409CDA21CC84F400B6E79D /* PBXContainerItemProxy */;
		};
/* End PBXTargetDependency section */

/* Begin PBXVariantGroup section */
		95409CC121CC84F200B6E79D /* Main.storyboard */ = {
			isa = PBXVariantGroup;
			children = (
				95409CC221CC84F200B6E79D /* Base */,
			);
			name = Main.storyboard;
			sourceTree = "<group>";
		};
		95409CC621CC84F400B6E79D /* LaunchScreen.storyboard */ = {
			isa = PBXVariantGroup;
			children = (
				95409CC721CC84F400B6E79D /* Base */,
			);
			name = LaunchScreen.storyboard;
			sourceTree = "<group>";
		};
/* End PBXVariantGroup section */

/* Begin XCBuildConfiguration section */
		95409CE021CC84F400B6E79D /* Debug */ = {
			isa = XCBuildConfiguration;
			buildSettings = {
				ALWAYS_SEARCH_USER_PATHS = NO;
				CLANG_ANALYZER_NONNULL = YES;
				CLANG_ANALYZER_NUMBER_OBJECT_CONVERSION = YES_AGGRESSIVE;
				CLANG_CXX_LANGUAGE_STANDARD = "gnu++14";
				CLANG_CXX_LIBRARY = "libc++";
				CLANG_ENABLE_MODULES = YES;
				CLANG_ENABLE_OBJC_ARC = YES;
				CLANG_ENABLE_OBJC_WEAK = YES;
				CLANG_WARN_BLOCK_CAPTURE_AUTORELEASING = YES;
				CLANG_WARN_BOOL_CONVERSION = YES;
				CLANG_WARN_COMMA = YES;
				CLANG_WARN_CONSTANT_CONVERSION = YES;
				CLANG_WARN_DEPRECATED_OBJC_IMPLEMENTATIONS = YES;
				CLANG_WARN_DIRECT_OBJC_ISA_USAGE = YES_ERROR;
				CLANG_WARN_DOCUMENTATION_COMMENTS = YES;
				CLANG_WARN_EMPTY_BODY = YES;
				CLANG_WARN_ENUM_CONVERSION = YES;
				CLANG_WARN_INFINITE_RECURSION = YES;
				CLANG_WARN_INT_CONVERSION = YES;
				CLANG_WARN_NON_LITERAL_NULL_CONVERSION = YES;
				CLANG_WARN_OBJC_IMPLICIT_RETAIN_SELF = YES;
				CLANG_WARN_OBJC_LITERAL_CONVERSION = YES;
				CLANG_WARN_OBJC_ROOT_CLASS = YES_ERROR;
				CLANG_WARN_RANGE_LOOP_ANALYSIS = YES;
				CLANG_WARN_STRICT_PROTOTYPES = YES;
				CLANG_WARN_SUSPICIOUS_MOVE = YES;
				CLANG_WARN_UNGUARDED_AVAILABILITY = YES_AGGRESSIVE;
				CLANG_WARN_UNREACHABLE_CODE = YES;
				CLANG_WARN__DUPLICATE_METHOD_MATCH = YES;
				CODE_SIGN_IDENTITY = "iPhone Developer";
				COPY_PHASE_STRIP = NO;
				DEBUG_INFORMATION_FORMAT = dwarf;
				ENABLE_STRICT_OBJC_MSGSEND = YES;
				ENABLE_TESTABILITY = YES;
				GCC_C_LANGUAGE_STANDARD = gnu11;
				GCC_DYNAMIC_NO_PIC = NO;
				GCC_NO_COMMON_BLOCKS = YES;
				GCC_OPTIMIZATION_LEVEL = 0;
				GCC_PREPROCESSOR_DEFINITIONS = (
					"DEBUG=1",
					"$(inherited)",
				);
				GCC_WARN_64_TO_32_BIT_CONVERSION = YES;
				GCC_WARN_ABOUT_RETURN_TYPE = YES_ERROR;
				GCC_WARN_UNDECLARED_SELECTOR = YES;
				GCC_WARN_UNINITIALIZED_AUTOS = YES_AGGRESSIVE;
				GCC_WARN_UNUSED_FUNCTION = YES;
				GCC_WARN_UNUSED_VARIABLE = YES;
				IPHONEOS_DEPLOYMENT_TARGET = 12.1;
				MTL_ENABLE_DEBUG_INFO = INCLUDE_SOURCE;
				MTL_FAST_MATH = YES;
				ONLY_ACTIVE_ARCH = YES;
				SDKROOT = iphoneos;
				SWIFT_ACTIVE_COMPILATION_CONDITIONS = DEBUG;
				SWIFT_OPTIMIZATION_LEVEL = "-Onone";
			};
			name = Debug;
		};
		95409CE121CC84F400B6E79D /* Release */ = {
			isa = XCBuildConfiguration;
			buildSettings = {
				ALWAYS_SEARCH_USER_PATHS = NO;
				CLANG_ANALYZER_NONNULL = YES;
				CLANG_ANALYZER_NUMBER_OBJECT_CONVERSION = YES_AGGRESSIVE;
				CLANG_CXX_LANGUAGE_STANDARD = "gnu++14";
				CLANG_CXX_LIBRARY = "libc++";
				CLANG_ENABLE_MODULES = YES;
				CLANG_ENABLE_OBJC_ARC = YES;
				CLANG_ENABLE_OBJC_WEAK = YES;
				CLANG_WARN_BLOCK_CAPTURE_AUTORELEASING = YES;
				CLANG_WARN_BOOL_CONVERSION = YES;
				CLANG_WARN_COMMA = YES;
				CLANG_WARN_CONSTANT_CONVERSION = YES;
				CLANG_WARN_DEPRECATED_OBJC_IMPLEMENTATIONS = YES;
				CLANG_WARN_DIRECT_OBJC_ISA_USAGE = YES_ERROR;
				CLANG_WARN_DOCUMENTATION_COMMENTS = YES;
				CLANG_WARN_EMPTY_BODY = YES;
				CLANG_WARN_ENUM_CONVERSION = YES;
				CLANG_WARN_INFINITE_RECURSION = YES;
				CLANG_WARN_INT_CONVERSION = YES;
				CLANG_WARN_NON_LITERAL_NULL_CONVERSION = YES;
				CLANG_WARN_OBJC_IMPLICIT_RETAIN_SELF = YES;
				CLANG_WARN_OBJC_LITERAL_CONVERSION = YES;
				CLANG_WARN_OBJC_ROOT_CLASS = YES_ERROR;
				CLANG_WARN_RANGE_LOOP_ANALYSIS = YES;
				CLANG_WARN_STRICT_PROTOTYPES = YES;
				CLANG_WARN_SUSPICIOUS_MOVE = YES;
				CLANG_WARN_UNGUARDED_AVAILABILITY = YES_AGGRESSIVE;
				CLANG_WARN_UNREACHABLE_CODE = YES;
				CLANG_WARN__DUPLICATE_METHOD_MATCH = YES;
				CODE_SIGN_IDENTITY = "iPhone Developer";
				COPY_PHASE_STRIP = NO;
				DEBUG_INFORMATION_FORMAT = "dwarf-with-dsym";
				ENABLE_NS_ASSERTIONS = NO;
				ENABLE_STRICT_OBJC_MSGSEND = YES;
				GCC_C_LANGUAGE_STANDARD = gnu11;
				GCC_NO_COMMON_BLOCKS = YES;
				GCC_WARN_64_TO_32_BIT_CONVERSION = YES;
				GCC_WARN_ABOUT_RETURN_TYPE = YES_ERROR;
				GCC_WARN_UNDECLARED_SELECTOR = YES;
				GCC_WARN_UNINITIALIZED_AUTOS = YES_AGGRESSIVE;
				GCC_WARN_UNUSED_FUNCTION = YES;
				GCC_WARN_UNUSED_VARIABLE = YES;
				IPHONEOS_DEPLOYMENT_TARGET = 12.1;
				MTL_ENABLE_DEBUG_INFO = NO;
				MTL_FAST_MATH = YES;
				SDKROOT = iphoneos;
				SWIFT_COMPILATION_MODE = wholemodule;
				SWIFT_OPTIMIZATION_LEVEL = "-O";
				VALIDATE_PRODUCT = YES;
			};
			name = Release;
		};
		95409CE321CC84F400B6E79D /* Debug */ = {
			isa = XCBuildConfiguration;
			buildSettings = {
				ASSETCATALOG_COMPILER_APPICON_NAME = AppIcon;
				CODE_SIGN_STYLE = Automatic;
				DEVELOPMENT_TEAM = GGXCMKH46B;
				INFOPLIST_FILE = DYZB/Info.plist;
				LD_RUNPATH_SEARCH_PATHS = (
					"$(inherited)",
					"@executable_path/Frameworks",
				);
				PRODUCT_BUNDLE_IDENTIFIER = student.cce.DYZB;
				PRODUCT_NAME = "$(TARGET_NAME)";
				SWIFT_VERSION = 4.2;
				TARGETED_DEVICE_FAMILY = "1,2";
			};
			name = Debug;
		};
		95409CE421CC84F400B6E79D /* Release */ = {
			isa = XCBuildConfiguration;
			buildSettings = {
				ASSETCATALOG_COMPILER_APPICON_NAME = AppIcon;
				CODE_SIGN_STYLE = Automatic;
				DEVELOPMENT_TEAM = GGXCMKH46B;
				INFOPLIST_FILE = DYZB/Info.plist;
				LD_RUNPATH_SEARCH_PATHS = (
					"$(inherited)",
					"@executable_path/Frameworks",
				);
				PRODUCT_BUNDLE_IDENTIFIER = student.cce.DYZB;
				PRODUCT_NAME = "$(TARGET_NAME)";
				SWIFT_VERSION = 4.2;
				TARGETED_DEVICE_FAMILY = "1,2";
			};
			name = Release;
		};
		95409CE621CC84F400B6E79D /* Debug */ = {
			isa = XCBuildConfiguration;
			buildSettings = {
				ALWAYS_EMBED_SWIFT_STANDARD_LIBRARIES = YES;
				BUNDLE_LOADER = "$(TEST_HOST)";
				CODE_SIGN_STYLE = Automatic;
				DEVELOPMENT_TEAM = GGXCMKH46B;
				INFOPLIST_FILE = DYZBTests/Info.plist;
				LD_RUNPATH_SEARCH_PATHS = (
					"$(inherited)",
					"@executable_path/Frameworks",
					"@loader_path/Frameworks",
				);
				PRODUCT_BUNDLE_IDENTIFIER = student.cce.DYZBTests;
				PRODUCT_NAME = "$(TARGET_NAME)";
				SWIFT_VERSION = 4.2;
				TARGETED_DEVICE_FAMILY = "1,2";
				TEST_HOST = "$(BUILT_PRODUCTS_DIR)/DYZB.app/DYZB";
			};
			name = Debug;
		};
		95409CE721CC84F400B6E79D /* Release */ = {
			isa = XCBuildConfiguration;
			buildSettings = {
				ALWAYS_EMBED_SWIFT_STANDARD_LIBRARIES = YES;
				BUNDLE_LOADER = "$(TEST_HOST)";
				CODE_SIGN_STYLE = Automatic;
				DEVELOPMENT_TEAM = GGXCMKH46B;
				INFOPLIST_FILE = DYZBTests/Info.plist;
				LD_RUNPATH_SEARCH_PATHS = (
					"$(inherited)",
					"@executable_path/Frameworks",
					"@loader_path/Frameworks",
				);
				PRODUCT_BUNDLE_IDENTIFIER = student.cce.DYZBTests;
				PRODUCT_NAME = "$(TARGET_NAME)";
				SWIFT_VERSION = 4.2;
				TARGETED_DEVICE_FAMILY = "1,2";
				TEST_HOST = "$(BUILT_PRODUCTS_DIR)/DYZB.app/DYZB";
			};
			name = Release;
		};
		95409CE921CC84F400B6E79D /* Debug */ = {
			isa = XCBuildConfiguration;
			buildSettings = {
				ALWAYS_EMBED_SWIFT_STANDARD_LIBRARIES = YES;
				CODE_SIGN_STYLE = Automatic;
				DEVELOPMENT_TEAM = GGXCMKH46B;
				INFOPLIST_FILE = DYZBUITests/Info.plist;
				LD_RUNPATH_SEARCH_PATHS = (
					"$(inherited)",
					"@executable_path/Frameworks",
					"@loader_path/Frameworks",
				);
				PRODUCT_BUNDLE_IDENTIFIER = student.cce.DYZBUITests;
				PRODUCT_NAME = "$(TARGET_NAME)";
				SWIFT_VERSION = 4.2;
				TARGETED_DEVICE_FAMILY = "1,2";
				TEST_TARGET_NAME = DYZB;
			};
			name = Debug;
		};
		95409CEA21CC84F400B6E79D /* Release */ = {
			isa = XCBuildConfiguration;
			buildSettings = {
				ALWAYS_EMBED_SWIFT_STANDARD_LIBRARIES = YES;
				CODE_SIGN_STYLE = Automatic;
				DEVELOPMENT_TEAM = GGXCMKH46B;
				INFOPLIST_FILE = DYZBUITests/Info.plist;
				LD_RUNPATH_SEARCH_PATHS = (
					"$(inherited)",
					"@executable_path/Frameworks",
					"@loader_path/Frameworks",
				);
				PRODUCT_BUNDLE_IDENTIFIER = student.cce.DYZBUITests;
				PRODUCT_NAME = "$(TARGET_NAME)";
				SWIFT_VERSION = 4.2;
				TARGETED_DEVICE_FAMILY = "1,2";
				TEST_TARGET_NAME = DYZB;
			};
			name = Release;
		};
/* End XCBuildConfiguration section */

/* Begin XCConfigurationList section */
		95409CB521CC84F200B6E79D /* Build configuration list for PBXProject "DYZB" */ = {
			isa = XCConfigurationList;
			buildConfigurations = (
				95409CE021CC84F400B6E79D /* Debug */,
				95409CE121CC84F400B6E79D /* Release */,
			);
			defaultConfigurationIsVisible = 0;
			defaultConfigurationName = Release;
		};
		95409CE221CC84F400B6E79D /* Build configuration list for PBXNativeTarget "DYZB" */ = {
			isa = XCConfigurationList;
			buildConfigurations = (
				95409CE321CC84F400B6E79D /* Debug */,
				95409CE421CC84F400B6E79D /* Release */,
			);
			defaultConfigurationIsVisible = 0;
			defaultConfigurationName = Release;
		};
		95409CE521CC84F400B6E79D /* Build configuration list for PBXNativeTarget "DYZBTests" */ = {
			isa = XCConfigurationList;
			buildConfigurations = (
				95409CE621CC84F400B6E79D /* Debug */,
				95409CE721CC84F400B6E79D /* Release */,
			);
			defaultConfigurationIsVisible = 0;
			defaultConfigurationName = Release;
		};
		95409CE821CC84F400B6E79D /* Build configuration list for PBXNativeTarget "DYZBUITests" */ = {
			isa = XCConfigurationList;
			buildConfigurations = (
				95409CE921CC84F400B6E79D /* Debug */,
				95409CEA21CC84F400B6E79D /* Release */,
			);
			defaultConfigurationIsVisible = 0;
			defaultConfigurationName = Release;
		};
/* End XCConfigurationList section */
	};
	rootObject = 95409CB221CC84F200B6E79D /* Project object */;
}
